
Microsoft Visual Studio Solution File, Format Version 12.00
# Visual Studio Version 16
VisualStudioVersion = 16.0.31005.135
MinimumVisualStudioVersion = 10.0.40219.1
Project("{FAE04EC0-301F-11D3-BF4B-00C04F79EFBC}") = "WindowsFormsMultiThredings_2", "WindowsFormsMultiThredings_2\WindowsFormsMultiThredings_2.csproj", "{12071018-B466-457D-9ADA-6D4233D97A6A}"
EndProject
Global
	GlobalSection(SolutionConfigurationPlatforms) = preSolution
		Debug|Any CPU = Debug|Any CPU
		Release|Any CPU = Release|Any CPU
	EndGlobalSection
	GlobalSection(ProjectConfigurationPlatforms) = postSolution
		{12071018-B466-457D-9ADA-6D4233D97A6A}.Debug|Any CPU.ActiveCfg = Debug|Any CPU
		{12071018-B466-457D-9ADA-6D4233D97A6A}.Debug|Any CPU.Build.0 = Debug|Any CPU
		{12071018-B466-457D-9ADA-6D4233D97A6A}.Release|Any CPU.ActiveCfg = Release|Any CPU
		{12071018-B466-457D-9ADA-6D4233D97A6A}.Release|Any CPU.Build.0 = Release|Any CPU
	EndGlobalSection
	GlobalSection(SolutionProperties) = preSolution
		HideSolutionNode = FALSE
	EndGlobalSection
	GlobalSection(ExtensibilityGlobals) = postSolution
		SolutionGuid = {0D221C0A-4473-47AD-93B4-83BF497C5D48}
	EndGlobalSection
EndGlobal
